// !$*UTF8*$!
{
	archiveVersion = 1;
	classes = {
	};
	objectVersion = 46;
	objects = {

/* Begin PBXBuildFile section */
		27D8484E1DCC88AE004675C5 /* FancyView.swift in Sources */ = {isa = PBXBuildFile; fileRef = 27D8484D1DCC88AE004675C5 /* FancyView.swift */; };
		27D848511DCC89B7004675C5 /* Constants.swift in Sources */ = {isa = PBXBuildFile; fileRef = 27D848501DCC89B7004675C5 /* Constants.swift */; };
		27D848531DCC8D70004675C5 /* RoundBtn.swift in Sources */ = {isa = PBXBuildFile; fileRef = 27D848521DCC8D70004675C5 /* RoundBtn.swift */; };
		27D848551DCC8F03004675C5 /* FancyField.swift in Sources */ = {isa = PBXBuildFile; fileRef = 27D848541DCC8F03004675C5 /* FancyField.swift */; };
		27D848571DCC9036004675C5 /* FancyButton.swift in Sources */ = {isa = PBXBuildFile; fileRef = 27D848561DCC9036004675C5 /* FancyButton.swift */; };
		27D8485A1DCCD59D004675C5 /* FeedVC.swift in Sources */ = {isa = PBXBuildFile; fileRef = 27D848591DCCD59D004675C5 /* FeedVC.swift */; };
		27D8485C1DCD1DFA004675C5 /* CircleView.swift in Sources */ = {isa = PBXBuildFile; fileRef = 27D8485B1DCD1DFA004675C5 /* CircleView.swift */; };
		27F31DE41DCB9B710064A31A /* AppDelegate.swift in Sources */ = {isa = PBXBuildFile; fileRef = 27F31DE31DCB9B710064A31A /* AppDelegate.swift */; };
		27F31DE61DCB9B710064A31A /* SignInVC.swift in Sources */ = {isa = PBXBuildFile; fileRef = 27F31DE51DCB9B710064A31A /* SignInVC.swift */; };
		27F31DE91DCB9B710064A31A /* Main.storyboard in Resources */ = {isa = PBXBuildFile; fileRef = 27F31DE71DCB9B710064A31A /* Main.storyboard */; };
		27F31DEB1DCB9B710064A31A /* Assets.xcassets in Resources */ = {isa = PBXBuildFile; fileRef = 27F31DEA1DCB9B710064A31A /* Assets.xcassets */; };
		27F31DEE1DCB9B710064A31A /* LaunchScreen.storyboard in Resources */ = {isa = PBXBuildFile; fileRef = 27F31DEC1DCB9B710064A31A /* LaunchScreen.storyboard */; };
		27F31DF61DCBA43C0064A31A /* GoogleService-Info.plist in Resources */ = {isa = PBXBuildFile; fileRef = 27F31DF51DCBA43C0064A31A /* GoogleService-Info.plist */; };
		9DF65F90905200B86379F17C /* Pods_Social.framework in Frameworks */ = {isa = PBXBuildFile; fileRef = B0680EACA318883CDEADBD33 /* Pods_Social.framework */; };
/* End PBXBuildFile section */

/* Begin PBXFileReference section */
		263528B954A5B7BF8E558997 /* Pods-Social.release.xcconfig */ = {isa = PBXFileReference; includeInIndex = 1; lastKnownFileType = text.xcconfig; name = "Pods-Social.release.xcconfig"; path = "Pods/Target Support Files/Pods-Social/Pods-Social.release.xcconfig"; sourceTree = "<group>"; };
		27D8484D1DCC88AE004675C5 /* FancyView.swift */ = {isa = PBXFileReference; fileEncoding = 4; lastKnownFileType = sourcecode.swift; path = FancyView.swift; sourceTree = "<group>"; };
		27D848501DCC89B7004675C5 /* Constants.swift */ = {isa = PBXFileReference; fileEncoding = 4; lastKnownFileType = sourcecode.swift; path = Constants.swift; sourceTree = "<group>"; };
		27D848521DCC8D70004675C5 /* RoundBtn.swift */ = {isa = PBXFileReference; fileEncoding = 4; lastKnownFileType = sourcecode.swift; path = RoundBtn.swift; sourceTree = "<group>"; };
		27D848541DCC8F03004675C5 /* FancyField.swift */ = {isa = PBXFileReference; fileEncoding = 4; lastKnownFileType = sourcecode.swift; path = FancyField.swift; sourceTree = "<group>"; };
		27D848561DCC9036004675C5 /* FancyButton.swift */ = {isa = PBXFileReference; fileEncoding = 4; lastKnownFileType = sourcecode.swift; path = FancyButton.swift; sourceTree = "<group>"; };
		27D848581DCCADF1004675C5 /* Social.entitlements */ = {isa = PBXFileReference; lastKnownFileType = text.plist.entitlements; path = Social.entitlements; sourceTree = "<group>"; };
		27D848591DCCD59D004675C5 /* FeedVC.swift */ = {isa = PBXFileReference; fileEncoding = 4; lastKnownFileType = sourcecode.swift; path = FeedVC.swift; sourceTree = "<group>"; };
		27D8485B1DCD1DFA004675C5 /* CircleView.swift */ = {isa = PBXFileReference; fileEncoding = 4; lastKnownFileType = sourcecode.swift; path = CircleView.swift; sourceTree = "<group>"; };
		27F31DE01DCB9B710064A31A /* Social.app */ = {isa = PBXFileReference; explicitFileType = wrapper.application; includeInIndex = 0; path = Social.app; sourceTree = BUILT_PRODUCTS_DIR; };
		27F31DE31DCB9B710064A31A /* AppDelegate.swift */ = {isa = PBXFileReference; lastKnownFileType = sourcecode.swift; path = AppDelegate.swift; sourceTree = "<group>"; };
		27F31DE51DCB9B710064A31A /* SignInVC.swift */ = {isa = PBXFileReference; lastKnownFileType = sourcecode.swift; path = SignInVC.swift; sourceTree = "<group>"; };
		27F31DE81DCB9B710064A31A /* Base */ = {isa = PBXFileReference; lastKnownFileType = file.storyboard; name = Base; path = Base.lproj/Main.storyboard; sourceTree = "<group>"; };
		27F31DEA1DCB9B710064A31A /* Assets.xcassets */ = {isa = PBXFileReference; lastKnownFileType = folder.assetcatalog; path = Assets.xcassets; sourceTree = "<group>"; };
		27F31DED1DCB9B710064A31A /* Base */ = {isa = PBXFileReference; lastKnownFileType = file.storyboard; name = Base; path = Base.lproj/LaunchScreen.storyboard; sourceTree = "<group>"; };
		27F31DEF1DCB9B710064A31A /* Info.plist */ = {isa = PBXFileReference; lastKnownFileType = text.plist.xml; path = Info.plist; sourceTree = "<group>"; };
		27F31DF51DCBA43C0064A31A /* GoogleService-Info.plist */ = {isa = PBXFileReference; fileEncoding = 4; lastKnownFileType = text.plist.xml; path = "GoogleService-Info.plist"; sourceTree = "<group>"; };
		7F60536C93DC289DCB90C927 /* Pods-Social.debug.xcconfig */ = {isa = PBXFileReference; includeInIndex = 1; lastKnownFileType = text.xcconfig; name = "Pods-Social.debug.xcconfig"; path = "Pods/Target Support Files/Pods-Social/Pods-Social.debug.xcconfig"; sourceTree = "<group>"; };
		B0680EACA318883CDEADBD33 /* Pods_Social.framework */ = {isa = PBXFileReference; explicitFileType = wrapper.framework; includeInIndex = 0; path = Pods_Social.framework; sourceTree = BUILT_PRODUCTS_DIR; };
/* End PBXFileReference section */

/* Begin PBXFrameworksBuildPhase section */
		27F31DDD1DCB9B710064A31A /* Frameworks */ = {
			isa = PBXFrameworksBuildPhase;
			buildActionMask = 2147483647;
			files = (
				9DF65F90905200B86379F17C /* Pods_Social.framework in Frameworks */,
			);
			runOnlyForDeploymentPostprocessing = 0;
		};
/* End PBXFrameworksBuildPhase section */

/* Begin PBXGroup section */
		27D8484F1DCC89A8004675C5 /* Util */ = {
			isa = PBXGroup;
			children = (
				27D848501DCC89B7004675C5 /* Constants.swift */,
			);
			name = Util;
			sourceTree = "<group>";
		};
		27F31DD71DCB9B710064A31A = {
			isa = PBXGroup;
			children = (
				27F31DE21DCB9B710064A31A /* Social */,
				27F31DE11DCB9B710064A31A /* Products */,
				34C22074C61318C1A3E832E1 /* Pods */,
				CC904EA3ED625BB427F9E1E2 /* Frameworks */,
			);
			sourceTree = "<group>";
		};
		27F31DE11DCB9B710064A31A /* Products */ = {
			isa = PBXGroup;
			children = (
				27F31DE01DCB9B710064A31A /* Social.app */,
			);
			name = Products;
			sourceTree = "<group>";
		};
		27F31DE21DCB9B710064A31A /* Social */ = {
			isa = PBXGroup;
			children = (
				27D848581DCCADF1004675C5 /* Social.entitlements */,
				27D8484F1DCC89A8004675C5 /* Util */,
				27F31DF71DCBA6560064A31A /* Model */,
				27F31DF81DCBA65A0064A31A /* View */,
				27F31DF91DCBA65F0064A31A /* Controller */,
				27F31DE31DCB9B710064A31A /* AppDelegate.swift */,
				27F31DE71DCB9B710064A31A /* Main.storyboard */,
				27F31DEA1DCB9B710064A31A /* Assets.xcassets */,
				27F31DEC1DCB9B710064A31A /* LaunchScreen.storyboard */,
				27F31DEF1DCB9B710064A31A /* Info.plist */,
				27F31DF51DCBA43C0064A31A /* GoogleService-Info.plist */,
			);
			path = Social;
			sourceTree = "<group>";
		};
		27F31DF71DCBA6560064A31A /* Model */ = {
			isa = PBXGroup;
			children = (
			);
			name = Model;
			sourceTree = "<group>";
		};
		27F31DF81DCBA65A0064A31A /* View */ = {
			isa = PBXGroup;
			children = (
				27D8484D1DCC88AE004675C5 /* FancyView.swift */,
				27D848521DCC8D70004675C5 /* RoundBtn.swift */,
				27D848541DCC8F03004675C5 /* FancyField.swift */,
				27D848561DCC9036004675C5 /* FancyButton.swift */,
				27D8485B1DCD1DFA004675C5 /* CircleView.swift */,
			);
			name = View;
			sourceTree = "<group>";
		};
		27F31DF91DCBA65F0064A31A /* Controller */ = {
			isa = PBXGroup;
			children = (
				27F31DE51DCB9B710064A31A /* SignInVC.swift */,
				27D848591DCCD59D004675C5 /* FeedVC.swift */,
			);
			name = Controller;
			sourceTree = "<group>";
		};
		34C22074C61318C1A3E832E1 /* Pods */ = {
			isa = PBXGroup;
			children = (
				7F60536C93DC289DCB90C927 /* Pods-Social.debug.xcconfig */,
				263528B954A5B7BF8E558997 /* Pods-Social.release.xcconfig */,
			);
			name = Pods;
			sourceTree = "<group>";
		};
		CC904EA3ED625BB427F9E1E2 /* Frameworks */ = {
			isa = PBXGroup;
			children = (
				B0680EACA318883CDEADBD33 /* Pods_Social.framework */,
			);
			name = Frameworks;
			sourceTree = "<group>";
		};
/* End PBXGroup section */

/* Begin PBXNativeTarget section */
		27F31DDF1DCB9B710064A31A /* Social */ = {
			isa = PBXNativeTarget;
			buildConfigurationList = 27F31DF21DCB9B710064A31A /* Build configuration list for PBXNativeTarget "Social" */;
			buildPhases = (
				EBCCC3C5FA06021C1FAABF67 /* [CP] Check Pods Manifest.lock */,
				27F31DDC1DCB9B710064A31A /* Sources */,
				27F31DDD1DCB9B710064A31A /* Frameworks */,
				27F31DDE1DCB9B710064A31A /* Resources */,
				14311DDE849F83F0D504EF4D /* [CP] Embed Pods Frameworks */,
				5FD43DE9D1413931935B8CBF /* [CP] Copy Pods Resources */,
			);
			buildRules = (
			);
			dependencies = (
			);
			name = Social;
			productName = Social;
			productReference = 27F31DE01DCB9B710064A31A /* Social.app */;
			productType = "com.apple.product-type.application";
		};
/* End PBXNativeTarget section */

/* Begin PBXProject section */
		27F31DD81DCB9B710064A31A /* Project object */ = {
			isa = PBXProject;
			attributes = {
				LastSwiftUpdateCheck = 0810;
				LastUpgradeCheck = 0810;
				ORGANIZATIONNAME = "MIKE VERPUCHINSKIY";
				TargetAttributes = {
					27F31DDF1DCB9B710064A31A = {
						CreatedOnToolsVersion = 8.1;
						DevelopmentTeam = AL6LGVH8QA;
						ProvisioningStyle = Automatic;
						SystemCapabilities = {
							com.apple.Keychain = {
								enabled = 1;
							};
						};
					};
				};
			};
			buildConfigurationList = 27F31DDB1DCB9B710064A31A /* Build configuration list for PBXProject "Social" */;
			compatibilityVersion = "Xcode 3.2";
			developmentRegion = English;
			hasScannedForEncodings = 0;
			knownRegions = (
				en,
				Base,
			);
			mainGroup = 27F31DD71DCB9B710064A31A;
			productRefGroup = 27F31DE11DCB9B710064A31A /* Products */;
			projectDirPath = "";
			projectRoot = "";
			targets = (
				27F31DDF1DCB9B710064A31A /* Social */,
			);
		};
/* End PBXProject section */

/* Begin PBXResourcesBuildPhase section */
		27F31DDE1DCB9B710064A31A /* Resources */ = {
			isa = PBXResourcesBuildPhase;
			buildActionMask = 2147483647;
			files = (
				27F31DF61DCBA43C0064A31A /* GoogleService-Info.plist in Resources */,
				27F31DEE1DCB9B710064A31A /* LaunchScreen.storyboard in Resources */,
				27F31DEB1DCB9B710064A31A /* Assets.xcassets in Resources */,
				27F31DE91DCB9B710064A31A /* Main.storyboard in Resources */,
			);
			runOnlyForDeploymentPostprocessing = 0;
		};
/* End PBXResourcesBuildPhase section */

/* Begin PBXShellScriptBuildPhase section */
		14311DDE849F83F0D504EF4D /* [CP] Embed Pods Frameworks */ = {
			isa = PBXShellScriptBuildPhase;
			buildActionMask = 2147483647;
			files = (
			);
			inputPaths = (
			);
			name = "[CP] Embed Pods Frameworks";
			outputPaths = (
			);
			runOnlyForDeploymentPostprocessing = 0;
			shellPath = /bin/sh;
			shellScript = "\"${SRCROOT}/Pods/Target Support Files/Pods-Social/Pods-Social-frameworks.sh\"\n";
			showEnvVarsInLog = 0;
		};
		5FD43DE9D1413931935B8CBF /* [CP] Copy Pods Resources */ = {
			isa = PBXShellScriptBuildPhase;
			buildActionMask = 2147483647;
			files = (
			);
			inputPaths = (
			);
			name = "[CP] Copy Pods Resources";
			outputPaths = (
			);
			runOnlyForDeploymentPostprocessing = 0;
			shellPath = /bin/sh;
			shellScript = "\"${SRCROOT}/Pods/Target Support Files/Pods-Social/Pods-Social-resources.sh\"\n";
			showEnvVarsInLog = 0;
		};
		EBCCC3C5FA06021C1FAABF67 /* [CP] Check Pods Manifest.lock */ = {
			isa = PBXShellScriptBuildPhase;
			buildActionMask = 2147483647;
			files = (
			);
			inputPaths = (
			);
			name = "[CP] Check Pods Manifest.lock";
			outputPaths = (
			);
			runOnlyForDeploymentPostprocessing = 0;
			shellPath = /bin/sh;
			shellScript = "diff \"${PODS_ROOT}/../Podfile.lock\" \"${PODS_ROOT}/Manifest.lock\" > /dev/null\nif [ $? != 0 ] ; then\n    # print error to STDERR\n    echo \"error: The sandbox is not in sync with the Podfile.lock. Run 'pod install' or update your CocoaPods installation.\" >&2\n    exit 1\nfi\n";
			showEnvVarsInLog = 0;
		};
/* End PBXShellScriptBuildPhase section */

/* Begin PBXSourcesBuildPhase section */
		27F31DDC1DCB9B710064A31A /* Sources */ = {
			isa = PBXSourcesBuildPhase;
			buildActionMask = 2147483647;
			files = (
				27D8485C1DCD1DFA004675C5 /* CircleView.swift in Sources */,
				27D848551DCC8F03004675C5 /* FancyField.swift in Sources */,
				27F31DE61DCB9B710064A31A /* SignInVC.swift in Sources */,
				27D848531DCC8D70004675C5 /* RoundBtn.swift in Sources */,
				27D848571DCC9036004675C5 /* FancyButton.swift in Sources */,
				27D8485A1DCCD59D004675C5 /* FeedVC.swift in Sources */,
				27F31DE41DCB9B710064A31A /* AppDelegate.swift in Sources */,
				27D8484E1DCC88AE004675C5 /* FancyView.swift in Sources */,
				27D848511DCC89B7004675C5 /* Constants.swift in Sources */,
			);
			runOnlyForDeploymentPostprocessing = 0;
		};
/* End PBXSourcesBuildPhase section */

/* Begin PBXVariantGroup section */
		27F31DE71DCB9B710064A31A /* Main.storyboard */ = {
			isa = PBXVariantGroup;
			children = (
				27F31DE81DCB9B710064A31A /* Base */,
			);
			name = Main.storyboard;
			sourceTree = "<group>";
		};
		27F31DEC1DCB9B710064A31A /* LaunchScreen.storyboard */ = {
			isa = PBXVariantGroup;
			children = (
				27F31DED1DCB9B710064A31A /* Base */,
			);
			name = LaunchScreen.storyboard;
			sourceTree = "<group>";
		};
/* End PBXVariantGroup section */

/* Begin XCBuildConfiguration section */
		27F31DF01DCB9B710064A31A /* Debug */ = {
			isa = XCBuildConfiguration;
			buildSettings = {
				ALWAYS_SEARCH_USER_PATHS = NO;
				CLANG_ANALYZER_NONNULL = YES;
				CLANG_CXX_LANGUAGE_STANDARD = "gnu++0x";
				CLANG_CXX_LIBRARY = "libc++";
				CLANG_ENABLE_MODULES = YES;
				CLANG_ENABLE_OBJC_ARC = YES;
				CLANG_WARN_BOOL_CONVERSION = YES;
				CLANG_WARN_CONSTANT_CONVERSION = YES;
				CLANG_WARN_DIRECT_OBJC_ISA_USAGE = YES_ERROR;
				CLANG_WARN_DOCUMENTATION_COMMENTS = YES;
				CLANG_WARN_EMPTY_BODY = YES;
				CLANG_WARN_ENUM_CONVERSION = YES;
				CLANG_WARN_INFINITE_RECURSION = YES;
				CLANG_WARN_INT_CONVERSION = YES;
				CLANG_WARN_OBJC_ROOT_CLASS = YES_ERROR;
				CLANG_WARN_SUSPICIOUS_MOVES = YES;
				CLANG_WARN_UNREACHABLE_CODE = YES;
				CLANG_WARN__DUPLICATE_METHOD_MATCH = YES;
				"CODE_SIGN_IDENTITY[sdk=iphoneos*]" = "iPhone Developer";
				COPY_PHASE_STRIP = NO;
				DEBUG_INFORMATION_FORMAT = dwarf;
				ENABLE_STRICT_OBJC_MSGSEND = YES;
				ENABLE_TESTABILITY = YES;
				GCC_C_LANGUAGE_STANDARD = gnu99;
				GCC_DYNAMIC_NO_PIC = NO;
				GCC_NO_COMMON_BLOCKS = YES;
				GCC_OPTIMIZATION_LEVEL = 0;
				GCC_PREPROCESSOR_DEFINITIONS = (
					"DEBUG=1",
					"$(inherited)",
				);
				GCC_WARN_64_TO_32_BIT_CONVERSION = YES;
				GCC_WARN_ABOUT_RETURN_TYPE = YES_ERROR;
				GCC_WARN_UNDECLARED_SELECTOR = YES;
				GCC_WARN_UNINITIALIZED_AUTOS = YES_AGGRESSIVE;
				GCC_WARN_UNUSED_FUNCTION = YES;
				GCC_WARN_UNUSED_VARIABLE = YES;
				IPHONEOS_DEPLOYMENT_TARGET = 10.1;
				MTL_ENABLE_DEBUG_INFO = YES;
				ONLY_ACTIVE_ARCH = YES;
				SDKROOT = iphoneos;
				SWIFT_ACTIVE_COMPILATION_CONDITIONS = DEBUG;
				SWIFT_OPTIMIZATION_LEVEL = "-Onone";
				TARGETED_DEVICE_FAMILY = "1,2";
			};
			name = Debug;
		};
		27F31DF11DCB9B710064A31A /* Release */ = {
			isa = XCBuildConfiguration;
			buildSettings = {
				ALWAYS_SEARCH_USER_PATHS = NO;
				CLANG_ANALYZER_NONNULL = YES;
				CLANG_CXX_LANGUAGE_STANDARD = "gnu++0x";
				CLANG_CXX_LIBRARY = "libc++";
				CLANG_ENABLE_MODULES = YES;
				CLANG_ENABLE_OBJC_ARC = YES;
				CLANG_WARN_BOOL_CONVERSION = YES;
				CLANG_WARN_CONSTANT_CONVERSION = YES;
				CLANG_WARN_DIRECT_OBJC_ISA_USAGE = YES_ERROR;
				CLANG_WARN_DOCUMENTATION_COMMENTS = YES;
				CLANG_WARN_EMPTY_BODY = YES;
				CLANG_WARN_ENUM_CONVERSION = YES;
				CLANG_WARN_INFINITE_RECURSION = YES;
				CLANG_WARN_INT_CONVERSION = YES;
				CLANG_WARN_OBJC_ROOT_CLASS = YES_ERROR;
				CLANG_WARN_SUSPICIOUS_MOVES = YES;
				CLANG_WARN_UNREACHABLE_CODE = YES;
				CLANG_WARN__DUPLICATE_METHOD_MATCH = YES;
				"CODE_SIGN_IDENTITY[sdk=iphoneos*]" = "iPhone Developer";
				COPY_PHASE_STRIP = NO;
				DEBUG_INFORMATION_FORMAT = "dwarf-with-dsym";
				ENABLE_NS_ASSERTIONS = NO;
				ENABLE_STRICT_OBJC_MSGSEND = YES;
				GCC_C_LANGUAGE_STANDARD = gnu99;
				GCC_NO_COMMON_BLOCKS = YES;
				GCC_WARN_64_TO_32_BIT_CONVERSION = YES;
				GCC_WARN_ABOUT_RETURN_TYPE = YES_ERROR;
				GCC_WARN_UNDECLARED_SELECTOR = YES;
				GCC_WARN_UNINITIALIZED_AUTOS = YES_AGGRESSIVE;
				GCC_WARN_UNUSED_FUNCTION = YES;
				GCC_WARN_UNUSED_VARIABLE = YES;
				IPHONEOS_DEPLOYMENT_TARGET = 10.1;
				MTL_ENABLE_DEBUG_INFO = NO;
				SDKROOT = iphoneos;
				SWIFT_OPTIMIZATION_LEVEL = "-Owholemodule";
				TARGETED_DEVICE_FAMILY = "1,2";
				VALIDATE_PRODUCT = YES;
			};
			name = Release;
		};
		27F31DF31DCB9B710064A31A /* Debug */ = {
			isa = XCBuildConfiguration;
			baseConfigurationReference = 7F60536C93DC289DCB90C927 /* Pods-Social.debug.xcconfig */;
			buildSettings = {
				ASSETCATALOG_COMPILER_APPICON_NAME = AppIcon;
				CODE_SIGN_ENTITLEMENTS = Social/Social.entitlements;
				DEVELOPMENT_TEAM = AL6LGVH8QA;
				INFOPLIST_FILE = Social/Info.plist;
				LD_RUNPATH_SEARCH_PATHS = "$(inherited) @executable_path/Frameworks";
				PRODUCT_BUNDLE_IDENTIFIER = com.verpuchinskiy.Social;
				PRODUCT_NAME = "$(TARGET_NAME)";
				SWIFT_VERSION = 3.0;
			};
			name = Debug;
		};
		27F31DF41DCB9B710064A31A /* Release */ = {
			isa = XCBuildConfiguration;
			baseConfigurationReference = 263528B954A5B7BF8E558997 /* Pods-Social.release.xcconfig */;
			buildSettings = {
				ASSETCATALOG_COMPILER_APPICON_NAME = AppIcon;
				CODE_SIGN_ENTITLEMENTS = Social/Social.entitlements;
				DEVELOPMENT_TEAM = AL6LGVH8QA;
				INFOPLIST_FILE = Social/Info.plist;
				LD_RUNPATH_SEARCH_PATHS = "$(inherited) @executable_path/Frameworks";
				PRODUCT_BUNDLE_IDENTIFIER = com.verpuchinskiy.Social;
				PRODUCT_NAME = "$(TARGET_NAME)";
				SWIFT_VERSION = 3.0;
			};
			name = Release;
		};
/* End XCBuildConfiguration section */

/* Begin XCConfigurationList section */
		27F31DDB1DCB9B710064A31A /* Build configuration list for PBXProject "Social" */ = {
			isa = XCConfigurationList;
			buildConfigurations = (
				27F31DF01DCB9B710064A31A /* Debug */,
				27F31DF11DCB9B710064A31A /* Release */,
			);
			defaultConfigurationIsVisible = 0;
			defaultConfigurationName = Release;
		};
		27F31DF21DCB9B710064A31A /* Build configuration list for PBXNativeTarget "Social" */ = {
			isa = XCConfigurationList;
			buildConfigurations = (
				27F31DF31DCB9B710064A31A /* Debug */,
				27F31DF41DCB9B710064A31A /* Release */,
			);
			defaultConfigurationIsVisible = 0;
			defaultConfigurationName = Release;
		};
/* End XCConfigurationList section */
	};
	rootObject = 27F31DD81DCB9B710064A31A /* Project object */;
}
